
Microsoft Visual Studio Solution File, Format Version 12.00
# Visual Studio Version 16
VisualStudioVersion = 16.0.30804.86
MinimumVisualStudioVersion = 10.0.40219.1
Project("{FAE04EC0-301F-11D3-BF4B-00C04F79EFBC}") = "BlackJack", "BlackJack.csproj", "{F9FBA129-C892-4603-8016-8953E5B2AF39}"
EndProject
Global
	GlobalSection(SolutionConfigurationPlatforms) = preSolution
		Debug|Any CPU = Debug|Any CPU
		Release|Any CPU = Release|Any CPU
	EndGlobalSection
	GlobalSection(ProjectConfigurationPlatforms) = postSolution
		{F9FBA129-C892-4603-8016-8953E5B2AF39}.Debug|Any CPU.ActiveCfg = Debug|Any CPU
		{F9FBA129-C892-4603-8016-8953E5B2AF39}.Debug|Any CPU.Build.0 = Debug|Any CPU
		{F9FBA129-C892-4603-8016-8953E5B2AF39}.Release|Any CPU.ActiveCfg = Release|Any CPU
		{F9FBA129-C892-4603-8016-8953E5B2AF39}.Release|Any CPU.Build.0 = Release|Any CPU
	EndGlobalSection
	GlobalSection(SolutionProperties) = preSolution
		HideSolutionNode = FALSE
	EndGlobalSection
	GlobalSection(ExtensibilityGlobals) = postSolution
		SolutionGuid = {DF033D55-3EBC-49C9-B984-810ACA56F603}
	EndGlobalSection
EndGlobal
